
Microsoft Visual Studio Solution File, Format Version 12.00
# Visual Studio Version 16
VisualStudioVersion = 16.0.29123.88
MinimumVisualStudioVersion = 10.0.40219.1
Project("{FAE04EC0-301F-11D3-BF4B-00C04F79EFBC}") = "lect6.4معتصم عبده حميد", "lect6.4معتصم عبده حميد.csproj", "{BBAAD17F-D48F-43A8-A816-CAE121A1471B}"
EndProject
Global
	GlobalSection(SolutionConfigurationPlatforms) = preSolution
		Debug|Any CPU = Debug|Any CPU
		Release|Any CPU = Release|Any CPU
	EndGlobalSection
	GlobalSection(ProjectConfigurationPlatforms) = postSolution
		{BBAAD17F-D48F-43A8-A816-CAE121A1471B}.Debug|Any CPU.ActiveCfg = Debug|Any CPU
		{BBAAD17F-D48F-43A8-A816-CAE121A1471B}.Debug|Any CPU.Build.0 = Debug|Any CPU
		{BBAAD17F-D48F-43A8-A816-CAE121A1471B}.Release|Any CPU.ActiveCfg = Release|Any CPU
		{BBAAD17F-D48F-43A8-A816-CAE121A1471B}.Release|Any CPU.Build.0 = Release|Any CPU
	EndGlobalSection
	GlobalSection(SolutionProperties) = preSolution
		HideSolutionNode = FALSE
	EndGlobalSection
	GlobalSection(ExtensibilityGlobals) = postSolution
		SolutionGuid = {82759D24-65C2-4CC9-82F3-2370363A7862}
	EndGlobalSection
EndGlobal
