
Microsoft Visual Studio Solution File, Format Version 12.00
# Visual Studio Version 16
VisualStudioVersion = 16.0.29123.88
MinimumVisualStudioVersion = 10.0.40219.1
Project("{FAE04EC0-301F-11D3-BF4B-00C04F79EFBC}") = "lect 4.3 معتصم عبده حميد", "lect 4.3 معتصم عبده حميد.csproj", "{E002C480-669A-4354-BEFA-A34AD8EA0487}"
EndProject
Global
	GlobalSection(SolutionConfigurationPlatforms) = preSolution
		Debug|Any CPU = Debug|Any CPU
		Release|Any CPU = Release|Any CPU
	EndGlobalSection
	GlobalSection(ProjectConfigurationPlatforms) = postSolution
		{E002C480-669A-4354-BEFA-A34AD8EA0487}.Debug|Any CPU.ActiveCfg = Debug|Any CPU
		{E002C480-669A-4354-BEFA-A34AD8EA0487}.Debug|Any CPU.Build.0 = Debug|Any CPU
		{E002C480-669A-4354-BEFA-A34AD8EA0487}.Release|Any CPU.ActiveCfg = Release|Any CPU
		{E002C480-669A-4354-BEFA-A34AD8EA0487}.Release|Any CPU.Build.0 = Release|Any CPU
	EndGlobalSection
	GlobalSection(SolutionProperties) = preSolution
		HideSolutionNode = FALSE
	EndGlobalSection
	GlobalSection(ExtensibilityGlobals) = postSolution
		SolutionGuid = {FF7A0E5C-546E-4987-9E35-E3C22B543D26}
	EndGlobalSection
EndGlobal
