
Microsoft Visual Studio Solution File, Format Version 12.00
# Visual Studio Version 16
VisualStudioVersion = 16.0.29123.88
MinimumVisualStudioVersion = 10.0.40219.1
Project("{FAE04EC0-301F-11D3-BF4B-00C04F79EFBC}") = "lect 2.3 معتصم عبده حميد", "lect 2.3 معتصم عبده حميد.csproj", "{44E81B0A-701B-4B95-B373-553DB80ADB81}"
EndProject
Global
	GlobalSection(SolutionConfigurationPlatforms) = preSolution
		Debug|Any CPU = Debug|Any CPU
		Release|Any CPU = Release|Any CPU
	EndGlobalSection
	GlobalSection(ProjectConfigurationPlatforms) = postSolution
		{44E81B0A-701B-4B95-B373-553DB80ADB81}.Debug|Any CPU.ActiveCfg = Debug|Any CPU
		{44E81B0A-701B-4B95-B373-553DB80ADB81}.Debug|Any CPU.Build.0 = Debug|Any CPU
		{44E81B0A-701B-4B95-B373-553DB80ADB81}.Release|Any CPU.ActiveCfg = Release|Any CPU
		{44E81B0A-701B-4B95-B373-553DB80ADB81}.Release|Any CPU.Build.0 = Release|Any CPU
	EndGlobalSection
	GlobalSection(SolutionProperties) = preSolution
		HideSolutionNode = FALSE
	EndGlobalSection
	GlobalSection(ExtensibilityGlobals) = postSolution
		SolutionGuid = {DC8766D6-20C3-469C-A387-AFD7168E3B87}
	EndGlobalSection
EndGlobal
