
Microsoft Visual Studio Solution File, Format Version 12.00
# Visual Studio Version 16
VisualStudioVersion = 16.0.29123.88
MinimumVisualStudioVersion = 10.0.40219.1
Project("{FAE04EC0-301F-11D3-BF4B-00C04F79EFBC}") = "lect 3.1 معتصم عبده حميد", "lect 3.1 معتصم عبده حميد.csproj", "{56693D5B-CA77-4489-8746-E12F20F1D4B1}"
EndProject
Global
	GlobalSection(SolutionConfigurationPlatforms) = preSolution
		Debug|Any CPU = Debug|Any CPU
		Release|Any CPU = Release|Any CPU
	EndGlobalSection
	GlobalSection(ProjectConfigurationPlatforms) = postSolution
		{56693D5B-CA77-4489-8746-E12F20F1D4B1}.Debug|Any CPU.ActiveCfg = Debug|Any CPU
		{56693D5B-CA77-4489-8746-E12F20F1D4B1}.Debug|Any CPU.Build.0 = Debug|Any CPU
		{56693D5B-CA77-4489-8746-E12F20F1D4B1}.Release|Any CPU.ActiveCfg = Release|Any CPU
		{56693D5B-CA77-4489-8746-E12F20F1D4B1}.Release|Any CPU.Build.0 = Release|Any CPU
	EndGlobalSection
	GlobalSection(SolutionProperties) = preSolution
		HideSolutionNode = FALSE
	EndGlobalSection
	GlobalSection(ExtensibilityGlobals) = postSolution
		SolutionGuid = {396ABE93-8690-40CC-BF9F-F4863915E1DC}
	EndGlobalSection
EndGlobal
